
Microsoft Visual Studio Solution File, Format Version 12.00
# Visual Studio Version 17
VisualStudioVersion = 17.3.32819.101
MinimumVisualStudioVersion = 10.0.40219.1
Project("{9A19103F-16F7-4668-BE54-9A1E7A4F7556}") = "QueryExecutor", "QueryExecutor\QueryExecutor.csproj", "{22C8591F-B8D6-42F4-A88F-0062F0F0D811}"
EndProject
Project("{9A19103F-16F7-4668-BE54-9A1E7A4F7556}") = "QueryExecutorTests", "QueryExecutorTests\QueryExecutorTests.csproj", "{8F673435-3990-434E-B6C9-DDD303E6E288}"
EndProject
Project("{FAE04EC0-301F-11D3-BF4B-00C04F79EFBC}") = "QueryExecutor.Injection", "QueryExecutor.Injection\QueryExecutor.Injection.csproj", "{83F0ACEA-98CA-4EC6-8FC7-8BA84B99EC74}"
EndProject
Global
	GlobalSection(SolutionConfigurationPlatforms) = preSolution
		Debug|Any CPU = Debug|Any CPU
		Release|Any CPU = Release|Any CPU
	EndGlobalSection
	GlobalSection(ProjectConfigurationPlatforms) = postSolution
		{22C8591F-B8D6-42F4-A88F-0062F0F0D811}.Debug|Any CPU.ActiveCfg = Debug|Any CPU
		{22C8591F-B8D6-42F4-A88F-0062F0F0D811}.Debug|Any CPU.Build.0 = Debug|Any CPU
		{22C8591F-B8D6-42F4-A88F-0062F0F0D811}.Release|Any CPU.ActiveCfg = Release|Any CPU
		{22C8591F-B8D6-42F4-A88F-0062F0F0D811}.Release|Any CPU.Build.0 = Release|Any CPU
		{8F673435-3990-434E-B6C9-DDD303E6E288}.Debug|Any CPU.ActiveCfg = Debug|Any CPU
		{8F673435-3990-434E-B6C9-DDD303E6E288}.Debug|Any CPU.Build.0 = Debug|Any CPU
		{8F673435-3990-434E-B6C9-DDD303E6E288}.Release|Any CPU.ActiveCfg = Release|Any CPU
		{8F673435-3990-434E-B6C9-DDD303E6E288}.Release|Any CPU.Build.0 = Release|Any CPU
		{83F0ACEA-98CA-4EC6-8FC7-8BA84B99EC74}.Debug|Any CPU.ActiveCfg = Debug|Any CPU
		{83F0ACEA-98CA-4EC6-8FC7-8BA84B99EC74}.Debug|Any CPU.Build.0 = Debug|Any CPU
		{83F0ACEA-98CA-4EC6-8FC7-8BA84B99EC74}.Release|Any CPU.ActiveCfg = Release|Any CPU
		{83F0ACEA-98CA-4EC6-8FC7-8BA84B99EC74}.Release|Any CPU.Build.0 = Release|Any CPU
	EndGlobalSection
	GlobalSection(SolutionProperties) = preSolution
		HideSolutionNode = FALSE
	EndGlobalSection
	GlobalSection(ExtensibilityGlobals) = postSolution
		SolutionGuid = {054922AA-5E25-43EE-8984-E04B49B2E976}
	EndGlobalSection
EndGlobal
